// !$*UTF8*$!
{
	archiveVersion = 1;
	classes = {
	};
	objectVersion = 51;
	objects = {

/* Begin PBXBuildFile section */
		970150D923A3D94A00D2EE1B /* AppDelegate.swift in Sources */ = {isa = PBXBuildFile; fileRef = 970150D823A3D94A00D2EE1B /* AppDelegate.swift */; };
		970150DB23A3D94A00D2EE1B /* SceneDelegate.swift in Sources */ = {isa = PBXBuildFile; fileRef = 970150DA23A3D94A00D2EE1B /* SceneDelegate.swift */; };
		970150DD23A3D94A00D2EE1B /* ViewController.swift in Sources */ = {isa = PBXBuildFile; fileRef = 970150DC23A3D94A00D2EE1B /* ViewController.swift */; };
		970150E023A3D94A00D2EE1B /* Main.storyboard in Resources */ = {isa = PBXBuildFile; fileRef = 970150DE23A3D94A00D2EE1B /* Main.storyboard */; };
		970150E223A3D94E00D2EE1B /* Assets.xcassets in Resources */ = {isa = PBXBuildFile; fileRef = 970150E123A3D94E00D2EE1B /* Assets.xcassets */; };
		970150E523A3D94E00D2EE1B /* LaunchScreen.storyboard in Resources */ = {isa = PBXBuildFile; fileRef = 970150E323A3D94E00D2EE1B /* LaunchScreen.storyboard */; };
		970150ED23A3DA6400D2EE1B /* Category.swift in Sources */ = {isa = PBXBuildFile; fileRef = 970150EC23A3DA6400D2EE1B /* Category.swift */; };
		970150EF23A3DABD00D2EE1B /* Categories.swift in Sources */ = {isa = PBXBuildFile; fileRef = 970150EE23A3DABD00D2EE1B /* Categories.swift */; };
		970150F123A3E17500D2EE1B /* Clue.swift in Sources */ = {isa = PBXBuildFile; fileRef = 970150F023A3E17500D2EE1B /* Clue.swift */; };
		970150F323A3E19C00D2EE1B /* Clues.swift in Sources */ = {isa = PBXBuildFile; fileRef = 970150F223A3E19C00D2EE1B /* Clues.swift */; };
		9759154323A3E82000B17AAE /* QuestionsViewController.swift in Sources */ = {isa = PBXBuildFile; fileRef = 9759154223A3E82000B17AAE /* QuestionsViewController.swift */; };
		9759154523A3F26600B17AAE /* SplashScreenViewController.swift in Sources */ = {isa = PBXBuildFile; fileRef = 9759154423A3F26600B17AAE /* SplashScreenViewController.swift */; };
		C730F0A8733DF1E99CA5C6E2 /* Pods_JeopardyTrainer.framework in Frameworks */ = {isa = PBXBuildFile; fileRef = C5160FB04504B64E68AB232F /* Pods_JeopardyTrainer.framework */; };
/* End PBXBuildFile section */

/* Begin PBXFileReference section */
		970150D523A3D94A00D2EE1B /* JeopardyTrainer.app */ = {isa = PBXFileReference; explicitFileType = wrapper.application; includeInIndex = 0; path = JeopardyTrainer.app; sourceTree = BUILT_PRODUCTS_DIR; };
		970150D823A3D94A00D2EE1B /* AppDelegate.swift */ = {isa = PBXFileReference; lastKnownFileType = sourcecode.swift; path = AppDelegate.swift; sourceTree = "<group>"; };
		970150DA23A3D94A00D2EE1B /* SceneDelegate.swift */ = {isa = PBXFileReference; lastKnownFileType = sourcecode.swift; path = SceneDelegate.swift; sourceTree = "<group>"; };
		970150DC23A3D94A00D2EE1B /* ViewController.swift */ = {isa = PBXFileReference; lastKnownFileType = sourcecode.swift; path = ViewController.swift; sourceTree = "<group>"; };
		970150DF23A3D94A00D2EE1B /* Base */ = {isa = PBXFileReference; lastKnownFileType = file.storyboard; name = Base; path = Base.lproj/Main.storyboard; sourceTree = "<group>"; };
		970150E123A3D94E00D2EE1B /* Assets.xcassets */ = {isa = PBXFileReference; lastKnownFileType = folder.assetcatalog; path = Assets.xcassets; sourceTree = "<group>"; };
		970150E423A3D94E00D2EE1B /* Base */ = {isa = PBXFileReference; lastKnownFileType = file.storyboard; name = Base; path = Base.lproj/LaunchScreen.storyboard; sourceTree = "<group>"; };
		970150E623A3D94E00D2EE1B /* Info.plist */ = {isa = PBXFileReference; lastKnownFileType = text.plist.xml; path = Info.plist; sourceTree = "<group>"; };
		970150EC23A3DA6400D2EE1B /* Category.swift */ = {isa = PBXFileReference; lastKnownFileType = sourcecode.swift; path = Category.swift; sourceTree = "<group>"; };
		970150EE23A3DABD00D2EE1B /* Categories.swift */ = {isa = PBXFileReference; lastKnownFileType = sourcecode.swift; path = Categories.swift; sourceTree = "<group>"; };
		970150F023A3E17500D2EE1B /* Clue.swift */ = {isa = PBXFileReference; lastKnownFileType = sourcecode.swift; path = Clue.swift; sourceTree = "<group>"; };
		970150F223A3E19C00D2EE1B /* Clues.swift */ = {isa = PBXFileReference; lastKnownFileType = sourcecode.swift; path = Clues.swift; sourceTree = "<group>"; };
		9759154223A3E82000B17AAE /* QuestionsViewController.swift */ = {isa = PBXFileReference; lastKnownFileType = sourcecode.swift; path = QuestionsViewController.swift; sourceTree = "<group>"; };
		9759154423A3F26600B17AAE /* SplashScreenViewController.swift */ = {isa = PBXFileReference; lastKnownFileType = sourcecode.swift; path = SplashScreenViewController.swift; sourceTree = "<group>"; };
		C5160FB04504B64E68AB232F /* Pods_JeopardyTrainer.framework */ = {isa = PBXFileReference; explicitFileType = wrapper.framework; includeInIndex = 0; path = Pods_JeopardyTrainer.framework; sourceTree = BUILT_PRODUCTS_DIR; };
		DBA38F47910D567BAB538019 /* Pods-JeopardyTrainer.debug.xcconfig */ = {isa = PBXFileReference; includeInIndex = 1; lastKnownFileType = text.xcconfig; name = "Pods-JeopardyTrainer.debug.xcconfig"; path = "Target Support Files/Pods-JeopardyTrainer/Pods-JeopardyTrainer.debug.xcconfig"; sourceTree = "<group>"; };
		F53B9FD20AFFD8D9E6C058F4 /* Pods-JeopardyTrainer.release.xcconfig */ = {isa = PBXFileReference; includeInIndex = 1; lastKnownFileType = text.xcconfig; name = "Pods-JeopardyTrainer.release.xcconfig"; path = "Target Support Files/Pods-JeopardyTrainer/Pods-JeopardyTrainer.release.xcconfig"; sourceTree = "<group>"; };
/* End PBXFileReference section */

/* Begin PBXFrameworksBuildPhase section */
		970150D223A3D94A00D2EE1B /* Frameworks */ = {
			isa = PBXFrameworksBuildPhase;
			buildActionMask = 2147483647;
			files = (
				C730F0A8733DF1E99CA5C6E2 /* Pods_JeopardyTrainer.framework in Frameworks */,
			);
			runOnlyForDeploymentPostprocessing = 0;
		};
/* End PBXFrameworksBuildPhase section */

/* Begin PBXGroup section */
		266135AE1760A6D92CC9103A /* Frameworks */ = {
			isa = PBXGroup;
			children = (
				C5160FB04504B64E68AB232F /* Pods_JeopardyTrainer.framework */,
			);
			name = Frameworks;
			sourceTree = "<group>";
		};
		970150CC23A3D94900D2EE1B = {
			isa = PBXGroup;
			children = (
				970150D723A3D94A00D2EE1B /* JeopardyTrainer */,
				970150D623A3D94A00D2EE1B /* Products */,
				ADDEBA42570EFEDD7F00350A /* Pods */,
				266135AE1760A6D92CC9103A /* Frameworks */,
			);
			sourceTree = "<group>";
		};
		970150D623A3D94A00D2EE1B /* Products */ = {
			isa = PBXGroup;
			children = (
				970150D523A3D94A00D2EE1B /* JeopardyTrainer.app */,
			);
			name = Products;
			sourceTree = "<group>";
		};
		970150D723A3D94A00D2EE1B /* JeopardyTrainer */ = {
			isa = PBXGroup;
			children = (
				970150D823A3D94A00D2EE1B /* AppDelegate.swift */,
				970150DA23A3D94A00D2EE1B /* SceneDelegate.swift */,
				970150F223A3E19C00D2EE1B /* Clues.swift */,
				970150F023A3E17500D2EE1B /* Clue.swift */,
				970150EE23A3DABD00D2EE1B /* Categories.swift */,
				970150EC23A3DA6400D2EE1B /* Category.swift */,
				9759154423A3F26600B17AAE /* SplashScreenViewController.swift */,
				9759154223A3E82000B17AAE /* QuestionsViewController.swift */,
				970150DC23A3D94A00D2EE1B /* ViewController.swift */,
				970150DE23A3D94A00D2EE1B /* Main.storyboard */,
				970150E123A3D94E00D2EE1B /* Assets.xcassets */,
				970150E323A3D94E00D2EE1B /* LaunchScreen.storyboard */,
				970150E623A3D94E00D2EE1B /* Info.plist */,
			);
			path = JeopardyTrainer;
			sourceTree = "<group>";
		};
		ADDEBA42570EFEDD7F00350A /* Pods */ = {
			isa = PBXGroup;
			children = (
				DBA38F47910D567BAB538019 /* Pods-JeopardyTrainer.debug.xcconfig */,
				F53B9FD20AFFD8D9E6C058F4 /* Pods-JeopardyTrainer.release.xcconfig */,
			);
			path = Pods;
			sourceTree = "<group>";
		};
/* End PBXGroup section */

/* Begin PBXNativeTarget section */
		970150D423A3D94A00D2EE1B /* JeopardyTrainer */ = {
			isa = PBXNativeTarget;
			buildConfigurationList = 970150E923A3D94E00D2EE1B /* Build configuration list for PBXNativeTarget "JeopardyTrainer" */;
			buildPhases = (
				8E7A96E69A9BAC4A633B09BD /* [CP] Check Pods Manifest.lock */,
				970150D123A3D94A00D2EE1B /* Sources */,
				970150D223A3D94A00D2EE1B /* Frameworks */,
				970150D323A3D94A00D2EE1B /* Resources */,
				6B2F5C6CF9EBAD1BC03C9B3B /* [CP] Embed Pods Frameworks */,
			);
			buildRules = (
			);
			dependencies = (
			);
			name = JeopardyTrainer;
			productName = JeopardyTrainer;
			productReference = 970150D523A3D94A00D2EE1B /* JeopardyTrainer.app */;
			productType = "com.apple.product-type.application";
		};
/* End PBXNativeTarget section */

/* Begin PBXProject section */
		970150CD23A3D94A00D2EE1B /* Project object */ = {
			isa = PBXProject;
			attributes = {
				LastSwiftUpdateCheck = 1120;
				LastUpgradeCheck = 1120;
				ORGANIZATIONNAME = "Kim-An Quinn";
				TargetAttributes = {
					970150D423A3D94A00D2EE1B = {
						CreatedOnToolsVersion = 11.2.1;
					};
				};
			};
			buildConfigurationList = 970150D023A3D94A00D2EE1B /* Build configuration list for PBXProject "JeopardyTrainer" */;
			compatibilityVersion = "Xcode 9.3";
			developmentRegion = en;
			hasScannedForEncodings = 0;
			knownRegions = (
				en,
				Base,
			);
			mainGroup = 970150CC23A3D94900D2EE1B;
			productRefGroup = 970150D623A3D94A00D2EE1B /* Products */;
			projectDirPath = "";
			projectRoot = "";
			targets = (
				970150D423A3D94A00D2EE1B /* JeopardyTrainer */,
			);
		};
/* End PBXProject section */

/* Begin PBXResourcesBuildPhase section */
		970150D323A3D94A00D2EE1B /* Resources */ = {
			isa = PBXResourcesBuildPhase;
			buildActionMask = 2147483647;
			files = (
				970150E523A3D94E00D2EE1B /* LaunchScreen.storyboard in Resources */,
				970150E223A3D94E00D2EE1B /* Assets.xcassets in Resources */,
				970150E023A3D94A00D2EE1B /* Main.storyboard in Resources */,
			);
			runOnlyForDeploymentPostprocessing = 0;
		};
/* End PBXResourcesBuildPhase section */

/* Begin PBXShellScriptBuildPhase section */
		6B2F5C6CF9EBAD1BC03C9B3B /* [CP] Embed Pods Frameworks */ = {
			isa = PBXShellScriptBuildPhase;
			buildActionMask = 2147483647;
			files = (
			);
			inputFileListPaths = (
				"${PODS_ROOT}/Target Support Files/Pods-JeopardyTrainer/Pods-JeopardyTrainer-frameworks-${CONFIGURATION}-input-files.xcfilelist",
			);
			name = "[CP] Embed Pods Frameworks";
			outputFileListPaths = (
				"${PODS_ROOT}/Target Support Files/Pods-JeopardyTrainer/Pods-JeopardyTrainer-frameworks-${CONFIGURATION}-output-files.xcfilelist",
			);
			runOnlyForDeploymentPostprocessing = 0;
			shellPath = /bin/sh;
			shellScript = "\"${PODS_ROOT}/Target Support Files/Pods-JeopardyTrainer/Pods-JeopardyTrainer-frameworks.sh\"\n";
			showEnvVarsInLog = 0;
		};
		8E7A96E69A9BAC4A633B09BD /* [CP] Check Pods Manifest.lock */ = {
			isa = PBXShellScriptBuildPhase;
			buildActionMask = 2147483647;
			files = (
			);
			inputFileListPaths = (
			);
			inputPaths = (
				"${PODS_PODFILE_DIR_PATH}/Podfile.lock",
				"${PODS_ROOT}/Manifest.lock",
			);
			name = "[CP] Check Pods Manifest.lock";
			outputFileListPaths = (
			);
			outputPaths = (
				"$(DERIVED_FILE_DIR)/Pods-JeopardyTrainer-checkManifestLockResult.txt",
			);
			runOnlyForDeploymentPostprocessing = 0;
			shellPath = /bin/sh;
			shellScript = "diff \"${PODS_PODFILE_DIR_PATH}/Podfile.lock\" \"${PODS_ROOT}/Manifest.lock\" > /dev/null\nif [ $? != 0 ] ; then\n    # print error to STDERR\n    echo \"error: The sandbox is not in sync with the Podfile.lock. Run 'pod install' or update your CocoaPods installation.\" >&2\n    exit 1\nfi\n# This output is used by Xcode 'outputs' to avoid re-running this script phase.\necho \"SUCCESS\" > \"${SCRIPT_OUTPUT_FILE_0}\"\n";
			showEnvVarsInLog = 0;
		};
/* End PBXShellScriptBuildPhase section */

/* Begin PBXSourcesBuildPhase section */
		970150D123A3D94A00D2EE1B /* Sources */ = {
			isa = PBXSourcesBuildPhase;
			buildActionMask = 2147483647;
			files = (
				970150DD23A3D94A00D2EE1B /* ViewController.swift in Sources */,
				970150D923A3D94A00D2EE1B /* AppDelegate.swift in Sources */,
				9759154523A3F26600B17AAE /* SplashScreenViewController.swift in Sources */,
				9759154323A3E82000B17AAE /* QuestionsViewController.swift in Sources */,
				970150EF23A3DABD00D2EE1B /* Categories.swift in Sources */,
				970150DB23A3D94A00D2EE1B /* SceneDelegate.swift in Sources */,
				970150F123A3E17500D2EE1B /* Clue.swift in Sources */,
				970150ED23A3DA6400D2EE1B /* Category.swift in Sources */,
				970150F323A3E19C00D2EE1B /* Clues.swift in Sources */,
			);
			runOnlyForDeploymentPostprocessing = 0;
		};
/* End PBXSourcesBuildPhase section */

/* Begin PBXVariantGroup section */
		970150DE23A3D94A00D2EE1B /* Main.storyboard */ = {
			isa = PBXVariantGroup;
			children = (
				970150DF23A3D94A00D2EE1B /* Base */,
			);
			name = Main.storyboard;
			sourceTree = "<group>";
		};
		970150E323A3D94E00D2EE1B /* LaunchScreen.storyboard */ = {
			isa = PBXVariantGroup;
			children = (
				970150E423A3D94E00D2EE1B /* Base */,
			);
			name = LaunchScreen.storyboard;
			sourceTree = "<group>";
		};
/* End PBXVariantGroup section */

/* Begin XCBuildConfiguration section */
		970150E723A3D94E00D2EE1B /* Debug */ = {
			isa = XCBuildConfiguration;
			buildSettings = {
				ALWAYS_SEARCH_USER_PATHS = NO;
				CLANG_ANALYZER_NONNULL = YES;
				CLANG_ANALYZER_NUMBER_OBJECT_CONVERSION = YES_AGGRESSIVE;
				CLANG_CXX_LANGUAGE_STANDARD = "gnu++14";
				CLANG_CXX_LIBRARY = "libc++";
				CLANG_ENABLE_MODULES = YES;
				CLANG_ENABLE_OBJC_ARC = YES;
				CLANG_ENABLE_OBJC_WEAK = YES;
				CLANG_WARN_BLOCK_CAPTURE_AUTORELEASING = YES;
				CLANG_WARN_BOOL_CONVERSION = YES;
				CLANG_WARN_COMMA = YES;
				CLANG_WARN_CONSTANT_CONVERSION = YES;
				CLANG_WARN_DEPRECATED_OBJC_IMPLEMENTATIONS = YES;
				CLANG_WARN_DIRECT_OBJC_ISA_USAGE = YES_ERROR;
				CLANG_WARN_DOCUMENTATION_COMMENTS = YES;
				CLANG_WARN_EMPTY_BODY = YES;
				CLANG_WARN_ENUM_CONVERSION = YES;
				CLANG_WARN_INFINITE_RECURSION = YES;
				CLANG_WARN_INT_CONVERSION = YES;
				CLANG_WARN_NON_LITERAL_NULL_CONVERSION = YES;
				CLANG_WARN_OBJC_IMPLICIT_RETAIN_SELF = YES;
				CLANG_WARN_OBJC_LITERAL_CONVERSION = YES;
				CLANG_WARN_OBJC_ROOT_CLASS = YES_ERROR;
				CLANG_WARN_RANGE_LOOP_ANALYSIS = YES;
				CLANG_WARN_STRICT_PROTOTYPES = YES;
				CLANG_WARN_SUSPICIOUS_MOVE = YES;
				CLANG_WARN_UNGUARDED_AVAILABILITY = YES_AGGRESSIVE;
				CLANG_WARN_UNREACHABLE_CODE = YES;
				CLANG_WARN__DUPLICATE_METHOD_MATCH = YES;
				COPY_PHASE_STRIP = NO;
				DEBUG_INFORMATION_FORMAT = dwarf;
				ENABLE_STRICT_OBJC_MSGSEND = YES;
				ENABLE_TESTABILITY = YES;
				GCC_C_LANGUAGE_STANDARD = gnu11;
				GCC_DYNAMIC_NO_PIC = NO;
				GCC_NO_COMMON_BLOCKS = YES;
				GCC_OPTIMIZATION_LEVEL = 0;
				GCC_PREPROCESSOR_DEFINITIONS = (
					"DEBUG=1",
					"$(inherited)",
				);
				GCC_WARN_64_TO_32_BIT_CONVERSION = YES;
				GCC_WARN_ABOUT_RETURN_TYPE = YES_ERROR;
				GCC_WARN_UNDECLARED_SELECTOR = YES;
				GCC_WARN_UNINITIALIZED_AUTOS = YES_AGGRESSIVE;
				GCC_WARN_UNUSED_FUNCTION = YES;
				GCC_WARN_UNUSED_VARIABLE = YES;
				IPHONEOS_DEPLOYMENT_TARGET = 13.2;
				MTL_ENABLE_DEBUG_INFO = INCLUDE_SOURCE;
				MTL_FAST_MATH = YES;
				ONLY_ACTIVE_ARCH = YES;
				SDKROOT = iphoneos;
				SWIFT_ACTIVE_COMPILATION_CONDITIONS = DEBUG;
				SWIFT_OPTIMIZATION_LEVEL = "-Onone";
			};
			name = Debug;
		};
		970150E823A3D94E00D2EE1B /* Release */ = {
			isa = XCBuildConfiguration;
			buildSettings = {
				ALWAYS_SEARCH_USER_PATHS = NO;
				CLANG_ANALYZER_NONNULL = YES;
				CLANG_ANALYZER_NUMBER_OBJECT_CONVERSION = YES_AGGRESSIVE;
				CLANG_CXX_LANGUAGE_STANDARD = "gnu++14";
				CLANG_CXX_LIBRARY = "libc++";
				CLANG_ENABLE_MODULES = YES;
				CLANG_ENABLE_OBJC_ARC = YES;
				CLANG_ENABLE_OBJC_WEAK = YES;
				CLANG_WARN_BLOCK_CAPTURE_AUTORELEASING = YES;
				CLANG_WARN_BOOL_CONVERSION = YES;
				CLANG_WARN_COMMA = YES;
				CLANG_WARN_CONSTANT_CONVERSION = YES;
				CLANG_WARN_DEPRECATED_OBJC_IMPLEMENTATIONS = YES;
				CLANG_WARN_DIRECT_OBJC_ISA_USAGE = YES_ERROR;
				CLANG_WARN_DOCUMENTATION_COMMENTS = YES;
				CLANG_WARN_EMPTY_BODY = YES;
				CLANG_WARN_ENUM_CONVERSION = YES;
				CLANG_WARN_INFINITE_RECURSION = YES;
				CLANG_WARN_INT_CONVERSION = YES;
				CLANG_WARN_NON_LITERAL_NULL_CONVERSION = YES;
				CLANG_WARN_OBJC_IMPLICIT_RETAIN_SELF = YES;
				CLANG_WARN_OBJC_LITERAL_CONVERSION = YES;
				CLANG_WARN_OBJC_ROOT_CLASS = YES_ERROR;
				CLANG_WARN_RANGE_LOOP_ANALYSIS = YES;
				CLANG_WARN_STRICT_PROTOTYPES = YES;
				CLANG_WARN_SUSPICIOUS_MOVE = YES;
				CLANG_WARN_UNGUARDED_AVAILABILITY = YES_AGGRESSIVE;
				CLANG_WARN_UNREACHABLE_CODE = YES;
				CLANG_WARN__DUPLICATE_METHOD_MATCH = YES;
				COPY_PHASE_STRIP = NO;
				DEBUG_INFORMATION_FORMAT = "dwarf-with-dsym";
				ENABLE_NS_ASSERTIONS = NO;
				ENABLE_STRICT_OBJC_MSGSEND = YES;
				GCC_C_LANGUAGE_STANDARD = gnu11;
				GCC_NO_COMMON_BLOCKS = YES;
				GCC_WARN_64_TO_32_BIT_CONVERSION = YES;
				GCC_WARN_ABOUT_RETURN_TYPE = YES_ERROR;
				GCC_WARN_UNDECLARED_SELECTOR = YES;
				GCC_WARN_UNINITIALIZED_AUTOS = YES_AGGRESSIVE;
				GCC_WARN_UNUSED_FUNCTION = YES;
				GCC_WARN_UNUSED_VARIABLE = YES;
				IPHONEOS_DEPLOYMENT_TARGET = 13.2;
				MTL_ENABLE_DEBUG_INFO = NO;
				MTL_FAST_MATH = YES;
				SDKROOT = iphoneos;
				SWIFT_COMPILATION_MODE = wholemodule;
				SWIFT_OPTIMIZATION_LEVEL = "-O";
				VALIDATE_PRODUCT = YES;
			};
			name = Release;
		};
		970150EA23A3D94E00D2EE1B /* Debug */ = {
			isa = XCBuildConfiguration;
			baseConfigurationReference = DBA38F47910D567BAB538019 /* Pods-JeopardyTrainer.debug.xcconfig */;
			buildSettings = {
				ASSETCATALOG_COMPILER_APPICON_NAME = AppIcon;
				CODE_SIGN_STYLE = Automatic;
				DEVELOPMENT_TEAM = UDHL4J42MU;
				INFOPLIST_FILE = JeopardyTrainer/Info.plist;
				LD_RUNPATH_SEARCH_PATHS = (
					"$(inherited)",
					"@executable_path/Frameworks",
				);
				PRODUCT_BUNDLE_IDENTIFIER = com.quinn.JeopardyTrainer;
				PRODUCT_NAME = "$(TARGET_NAME)";
				SWIFT_VERSION = 5.0;
				TARGETED_DEVICE_FAMILY = "1,2";
			};
			name = Debug;
		};
		970150EB23A3D94E00D2EE1B /* Release */ = {
			isa = XCBuildConfiguration;
			baseConfigurationReference = F53B9FD20AFFD8D9E6C058F4 /* Pods-JeopardyTrainer.release.xcconfig */;
			buildSettings = {
				ASSETCATALOG_COMPILER_APPICON_NAME = AppIcon;
				CODE_SIGN_STYLE = Automatic;
				DEVELOPMENT_TEAM = UDHL4J42MU;
				INFOPLIST_FILE = JeopardyTrainer/Info.plist;
				LD_RUNPATH_SEARCH_PATHS = (
					"$(inherited)",
					"@executable_path/Frameworks",
				);
				PRODUCT_BUNDLE_IDENTIFIER = com.quinn.JeopardyTrainer;
				PRODUCT_NAME = "$(TARGET_NAME)";
				SWIFT_VERSION = 5.0;
				TARGETED_DEVICE_FAMILY = "1,2";
			};
			name = Release;
		};
/* End XCBuildConfiguration section */

/* Begin XCConfigurationList section */
		970150D023A3D94A00D2EE1B /* Build configuration list for PBXProject "JeopardyTrainer" */ = {
			isa = XCConfigurationList;
			buildConfigurations = (
				970150E723A3D94E00D2EE1B /* Debug */,
				970150E823A3D94E00D2EE1B /* Release */,
			);
			defaultConfigurationIsVisible = 0;
			defaultConfigurationName = Release;
		};
		970150E923A3D94E00D2EE1B /* Build configuration list for PBXNativeTarget "JeopardyTrainer" */ = {
			isa = XCConfigurationList;
			buildConfigurations = (
				970150EA23A3D94E00D2EE1B /* Debug */,
				970150EB23A3D94E00D2EE1B /* Release */,
			);
			defaultConfigurationIsVisible = 0;
			defaultConfigurationName = Release;
		};
/* End XCConfigurationList section */
	};
	rootObject = 970150CD23A3D94A00D2EE1B /* Project object */;
}
